
Microsoft Visual Studio Solution File, Format Version 12.00
# Visual Studio Version 16
VisualStudioVersion = 16.0.30413.136
MinimumVisualStudioVersion = 10.0.40219.1
Project("{FAE04EC0-301F-11D3-BF4B-00C04F79EFBC}") = "AngularAPIApp", "AngularAPIApp\AngularAPIApp.csproj", "{F22D759D-223F-4B1B-BBED-6E6FB10B8DFF}"
EndProject
Global
	GlobalSection(SolutionConfigurationPlatforms) = preSolution
		Debug|Any CPU = Debug|Any CPU
		Release|Any CPU = Release|Any CPU
	EndGlobalSection
	GlobalSection(ProjectConfigurationPlatforms) = postSolution
		{F22D759D-223F-4B1B-BBED-6E6FB10B8DFF}.Debug|Any CPU.ActiveCfg = Debug|Any CPU
		{F22D759D-223F-4B1B-BBED-6E6FB10B8DFF}.Debug|Any CPU.Build.0 = Debug|Any CPU
		{F22D759D-223F-4B1B-BBED-6E6FB10B8DFF}.Release|Any CPU.ActiveCfg = Release|Any CPU
		{F22D759D-223F-4B1B-BBED-6E6FB10B8DFF}.Release|Any CPU.Build.0 = Release|Any CPU
	EndGlobalSection
	GlobalSection(SolutionProperties) = preSolution
		HideSolutionNode = FALSE
	EndGlobalSection
	GlobalSection(ExtensibilityGlobals) = postSolution
		SolutionGuid = {D78EBD45-8493-465F-99F3-3D6FACFB8536}
	EndGlobalSection
EndGlobal
