
Microsoft Visual Studio Solution File, Format Version 12.00
# Visual Studio Version 16
VisualStudioVersion = 16.0.30413.136
MinimumVisualStudioVersion = 10.0.40219.1
Project("{FAE04EC0-301F-11D3-BF4B-00C04F79EFBC}") = "AngularApp", "AngularApp\AngularApp.csproj", "{CD262149-10BA-4820-961E-0D172E87EF6D}"
EndProject
Global
	GlobalSection(SolutionConfigurationPlatforms) = preSolution
		Debug|Any CPU = Debug|Any CPU
		Release|Any CPU = Release|Any CPU
	EndGlobalSection
	GlobalSection(ProjectConfigurationPlatforms) = postSolution
		{CD262149-10BA-4820-961E-0D172E87EF6D}.Debug|Any CPU.ActiveCfg = Debug|Any CPU
		{CD262149-10BA-4820-961E-0D172E87EF6D}.Debug|Any CPU.Build.0 = Debug|Any CPU
		{CD262149-10BA-4820-961E-0D172E87EF6D}.Release|Any CPU.ActiveCfg = Release|Any CPU
		{CD262149-10BA-4820-961E-0D172E87EF6D}.Release|Any CPU.Build.0 = Release|Any CPU
	EndGlobalSection
	GlobalSection(SolutionProperties) = preSolution
		HideSolutionNode = FALSE
	EndGlobalSection
	GlobalSection(ExtensibilityGlobals) = postSolution
		SolutionGuid = {227A56C7-AF4F-40F9-9B80-C17AFC236C0A}
	EndGlobalSection
EndGlobal
